
Microsoft Visual Studio Solution File, Format Version 12.00
# Visual Studio Version 17
VisualStudioVersion = 17.4.33110.190
MinimumVisualStudioVersion = 10.0.40219.1
Project("{FAE04EC0-301F-11D3-BF4B-00C04F79EFBC}") = "MVCPubs", "MVCPubs\MVCPubs.csproj", "{39DE95E0-951C-43DD-B763-54E8D73FB322}"
EndProject
Global
	GlobalSection(SolutionConfigurationPlatforms) = preSolution
		Debug|Any CPU = Debug|Any CPU
		Release|Any CPU = Release|Any CPU
	EndGlobalSection
	GlobalSection(ProjectConfigurationPlatforms) = postSolution
		{39DE95E0-951C-43DD-B763-54E8D73FB322}.Debug|Any CPU.ActiveCfg = Debug|Any CPU
		{39DE95E0-951C-43DD-B763-54E8D73FB322}.Debug|Any CPU.Build.0 = Debug|Any CPU
		{39DE95E0-951C-43DD-B763-54E8D73FB322}.Release|Any CPU.ActiveCfg = Release|Any CPU
		{39DE95E0-951C-43DD-B763-54E8D73FB322}.Release|Any CPU.Build.0 = Release|Any CPU
	EndGlobalSection
	GlobalSection(SolutionProperties) = preSolution
		HideSolutionNode = FALSE
	EndGlobalSection
	GlobalSection(ExtensibilityGlobals) = postSolution
		SolutionGuid = {08EF6EAF-A2B6-4319-A760-5ADC1D976A3B}
	EndGlobalSection
EndGlobal
